{
  "name": "npm-typescript-ir",
  "version": "1.0.0",
  "lockfileVersion": 3,
  "requires": true,
  "packages": {
    "": {
      "name": "npm-typescript-ir",
      "version": "1.0.0",
      "license": "Apache-2.0",
      "devDependencies": {
        "@flock/wirespec": "file://../../src/plugin/npm/build/dist/js/productionLibrary",
        "typescript": "^5.6.2"
      }
    },
    "../../src/plugin/npm/build/dist/js/productionLibrary": {
      "name": "@flock/wirespec",
      "version": "0.0.0-SNAPSHOT",
      "dev": true,
      "license": "Apache-2.0",
      "bin": {
        "wirespec": "wirespec-bin.mjs"
      },
      "devDependencies": {
        "typescript": "5.9.3"
      }
    },
    "node_modules/@flock/wirespec": {
      "resolved": "../../src/plugin/npm/build/dist/js/productionLibrary",
      "link": true
    },
    "node_modules/typescript": {
      "version": "5.9.3",
      "resolved": "https://registry.npmjs.org/typescript/-/typescript-5.9.3.tgz",
      "integrity": "sha512-jl1vZzPDinLr9eUt3J/t7V6FgNEw9QjvBPdysz9KfQDD41fQrC2Y4vKQdiaUpFT4bXlb1RHhLpp8wtm6M5TgSw==",
      "dev": true,
      "license": "Apache-2.0",
      "bin": {
        "tsc": "bin/tsc",
        "tsserver": "bin/tsserver"
      },
      "engines": {
        "node": ">=14.17"
      }
    }
  }
}
